
Microsoft Visual Studio Solution File, Format Version 12.00
# Visual Studio 15
VisualStudioVersion = 15.0.28307.572
MinimumVisualStudioVersion = 10.0.40219.1
Project("{9A19103F-16F7-4668-BE54-9A1E7A4F7556}") = "ConsoleSettingsAndService", "src\ConsoleSettingsAndService.csproj", "{17C838CA-4C7D-4E51-873A-B4D686565ADE}"
EndProject
Global
	GlobalSection(SolutionConfigurationPlatforms) = preSolution
		Debug|Any CPU = Debug|Any CPU
		Release|Any CPU = Release|Any CPU
	EndGlobalSection
	GlobalSection(ProjectConfigurationPlatforms) = postSolution
		{17C838CA-4C7D-4E51-873A-B4D686565ADE}.Debug|Any CPU.ActiveCfg = Debug|Any CPU
		{17C838CA-4C7D-4E51-873A-B4D686565ADE}.Debug|Any CPU.Build.0 = Debug|Any CPU
		{17C838CA-4C7D-4E51-873A-B4D686565ADE}.Release|Any CPU.ActiveCfg = Release|Any CPU
		{17C838CA-4C7D-4E51-873A-B4D686565ADE}.Release|Any CPU.Build.0 = Release|Any CPU
	EndGlobalSection
	GlobalSection(SolutionProperties) = preSolution
		HideSolutionNode = FALSE
	EndGlobalSection
	GlobalSection(ExtensibilityGlobals) = postSolution
		SolutionGuid = {EAE26E5F-80A7-47DC-9170-6CE3D65B0184}
	EndGlobalSection
EndGlobal
